
Microsoft Visual Studio Solution File, Format Version 12.00
# Visual Studio Version 17
VisualStudioVersion = 17.9.34902.65
MinimumVisualStudioVersion = 10.0.40219.1
Project("{FAE04EC0-301F-11D3-BF4B-00C04F79EFBC}") = "TdtK22CNTlession1006", "TdtK22CNTlession1006\TdtK22CNTlession1006.csproj", "{F6FB9116-C28C-4E1B-8BE7-5EDD078078B5}"
EndProject
Global
	GlobalSection(SolutionConfigurationPlatforms) = preSolution
		Debug|Any CPU = Debug|Any CPU
		Release|Any CPU = Release|Any CPU
	EndGlobalSection
	GlobalSection(ProjectConfigurationPlatforms) = postSolution
		{F6FB9116-C28C-4E1B-8BE7-5EDD078078B5}.Debug|Any CPU.ActiveCfg = Debug|Any CPU
		{F6FB9116-C28C-4E1B-8BE7-5EDD078078B5}.Debug|Any CPU.Build.0 = Debug|Any CPU
		{F6FB9116-C28C-4E1B-8BE7-5EDD078078B5}.Release|Any CPU.ActiveCfg = Release|Any CPU
		{F6FB9116-C28C-4E1B-8BE7-5EDD078078B5}.Release|Any CPU.Build.0 = Release|Any CPU
	EndGlobalSection
	GlobalSection(SolutionProperties) = preSolution
		HideSolutionNode = FALSE
	EndGlobalSection
	GlobalSection(ExtensibilityGlobals) = postSolution
		SolutionGuid = {7491415F-4AA9-4468-92A5-2D9490B0CAB7}
	EndGlobalSection
EndGlobal
